schema: '2.0'
stages:
  data_cleaning:
    cmd: python src/data/data_cleaning.py
    deps:
    - path: data/raw/swiggy.csv
      hash: md5
      md5: 55bd6cc42f2360b5de9569cf9cbd8342
      size: 7726618
    - path: src/data/data_cleaning.py
      hash: md5
      md5: f5ad421aafd57c91a1366fef5b226570
      size: 9519
    outs:
    - path: data/cleaned/swiggy_cleaned.csv
      hash: md5
      md5: 4918716e52fc57babdcd400dfb3c3f29
      size: 4508527
  data_preparation:
    cmd: python src/data/data_preparation.py
    deps:
    - path: data/cleaned/swiggy_cleaned.csv
      hash: md5
      md5: 4918716e52fc57babdcd400dfb3c3f29
      size: 4508527
    - path: src/data/data_preparation.py
      hash: md5
      md5: b97a07258b547e03768bab50f2f670ea
      size: 3007
    params:
      params.yaml:
        Data_Preparation.random_state: 32
        Data_Preparation.test_size: 0.25
    outs:
    - path: data/interim/test.csv
      hash: md5
      md5: 967d800d396997ee362537db46b8a7d6
      size: 1126242
    - path: data/interim/train.csv
      hash: md5
      md5: 8004ace40a5fa6bf3e02d455b0a8e007
      size: 3379327
  data_preprocessing:
    cmd: python src/features/data_preprocessing.py
    deps:
    - path: data/interim/test.csv
      hash: md5
      md5: 967d800d396997ee362537db46b8a7d6
      size: 1126242
    - path: data/interim/train.csv
      hash: md5
      md5: 8004ace40a5fa6bf3e02d455b0a8e007
      size: 3379327
    - path: src/features/data_preprocessing.py
      hash: md5
      md5: 04139e66423dbc0f6783705a63c82f20
      size: 6912
    outs:
    - path: data/processed/test_trans.csv
      hash: md5
      md5: d6f1917904aa3e32938a1b9eeb30d845
      size: 1347976
    - path: data/processed/train_trans.csv
      hash: md5
      md5: a769903b3b5f9b9b30cac16e9bf4d27b
      size: 4070757
    - path: models/preprocessor.joblib
      hash: md5
      md5: f07f2cf5ae848163ca739f89e5d75f1d
      size: 7913
  train:
    cmd: python src/models/train.py
    deps:
    - path: data/processed/train_trans.csv
      hash: md5
      md5: a769903b3b5f9b9b30cac16e9bf4d27b
      size: 4070757
    - path: src/models/train.py
      hash: md5
      md5: b7b69ed8e77672b21bfffc93336aa161
      size: 4910
    params:
      params.yaml:
        Train.LightGBM:
          n_estimators: 154
          max_depth: 27
          learning_rate: 0.22234435854395157
          subsample: 0.7592213724048168
          min_child_weight: 20
          min_split_gain: 0.004604680609280751
          reg_lambda: 97.81002379097947
          n_jobs: -1
        Train.Random_Forest:
          n_estimators: 479
          criterion: squared_error
          max_depth: 17
          max_features: 1
          min_samples_split: 9
          min_samples_leaf: 2
          max_samples: 0.6603673526197066
          verbose: 1
          n_jobs: -1
    outs:
    - path: models/model.joblib
      hash: md5
      md5: cc4e9aa24f9cb4841871462bf295ca09
      size: 149254024
    - path: models/power_transformer.joblib
      hash: md5
      md5: 496eaec4c66d8ab1206862b98ff8b334
      size: 805
    - path: models/stacking_regressor.joblib
      hash: md5
      md5: 52062d2b72a7e50df381dcb9b0524b9b
      size: 149242442
  evaluation:
    cmd: python src/models/evaluation.py
    deps:
    - path: data/processed/test_trans.csv
      hash: md5
      md5: d6f1917904aa3e32938a1b9eeb30d845
      size: 1347976
    - path: data/processed/train_trans.csv
      hash: md5
      md5: a769903b3b5f9b9b30cac16e9bf4d27b
      size: 4070757
    - path: models/model.joblib
      hash: md5
      md5: cc4e9aa24f9cb4841871462bf295ca09
      size: 149254024
    - path: src/models/evaluation.py
      hash: md5
      md5: f75c7c714115bbee7b94d74b1674b1ed
      size: 6308
    outs:
    - path: run_information.json
      hash: md5
      md5: cc7d12b7970134a1801479837518fcda
      size: 169
  register_model:
    cmd: python src/models/register_model.py
    deps:
    - path: run_information.json
      hash: md5
      md5: cc7d12b7970134a1801479837518fcda
      size: 169
    - path: src/models/register_model.py
      hash: md5
      md5: 12065dd3fdb09888388669d136e552d1
      size: 2213
